
Microsoft Visual Studio Solution File, Format Version 12.00
# Visual Studio Version 17
VisualStudioVersion = 17.1.32407.343
MinimumVisualStudioVersion = 10.0.40219.1
Project("{FAE04EC0-301F-11D3-BF4B-00C04F79EFBC}") = "MyWeb", "MyWeb\MyWeb.csproj", "{02C476F5-24F8-4ED8-948D-0A60275DAF8E}"
EndProject
Global
	GlobalSection(SolutionConfigurationPlatforms) = preSolution
		Debug|Any CPU = Debug|Any CPU
		Release|Any CPU = Release|Any CPU
	EndGlobalSection
	GlobalSection(ProjectConfigurationPlatforms) = postSolution
		{02C476F5-24F8-4ED8-948D-0A60275DAF8E}.Debug|Any CPU.ActiveCfg = Debug|Any CPU
		{02C476F5-24F8-4ED8-948D-0A60275DAF8E}.Debug|Any CPU.Build.0 = Debug|Any CPU
		{02C476F5-24F8-4ED8-948D-0A60275DAF8E}.Release|Any CPU.ActiveCfg = Release|Any CPU
		{02C476F5-24F8-4ED8-948D-0A60275DAF8E}.Release|Any CPU.Build.0 = Release|Any CPU
	EndGlobalSection
	GlobalSection(SolutionProperties) = preSolution
		HideSolutionNode = FALSE
	EndGlobalSection
	GlobalSection(ExtensibilityGlobals) = postSolution
		SolutionGuid = {EB8E028B-E8B1-4116-8814-FBF528669047}
	EndGlobalSection
EndGlobal
